
Microsoft Visual Studio Solution File, Format Version 12.00
# Visual Studio Version 17
VisualStudioVersion = 17.6.33723.286
MinimumVisualStudioVersion = 10.0.40219.1
Project("{FAE04EC0-301F-11D3-BF4B-00C04F79EFBC}") = "Session1", "Session1\Session1.csproj", "{86C27215-9103-471D-B7F5-6A655E4C977A}"
EndProject
Global
	GlobalSection(SolutionConfigurationPlatforms) = preSolution
		Debug|Any CPU = Debug|Any CPU
		Release|Any CPU = Release|Any CPU
	EndGlobalSection
	GlobalSection(ProjectConfigurationPlatforms) = postSolution
		{86C27215-9103-471D-B7F5-6A655E4C977A}.Debug|Any CPU.ActiveCfg = Debug|Any CPU
		{86C27215-9103-471D-B7F5-6A655E4C977A}.Debug|Any CPU.Build.0 = Debug|Any CPU
		{86C27215-9103-471D-B7F5-6A655E4C977A}.Release|Any CPU.ActiveCfg = Release|Any CPU
		{86C27215-9103-471D-B7F5-6A655E4C977A}.Release|Any CPU.Build.0 = Release|Any CPU
	EndGlobalSection
	GlobalSection(SolutionProperties) = preSolution
		HideSolutionNode = FALSE
	EndGlobalSection
	GlobalSection(ExtensibilityGlobals) = postSolution
		SolutionGuid = {A0EBF225-FFDE-4E27-966D-25AFC47A8D99}
	EndGlobalSection
EndGlobal
