
Microsoft Visual Studio Solution File, Format Version 12.00
# Visual Studio Version 17
VisualStudioVersion = 17.6.33723.286
MinimumVisualStudioVersion = 10.0.40219.1
Project("{FAE04EC0-301F-11D3-BF4B-00C04F79EFBC}") = "DockerDemo", "DockerDemo\DockerDemo.csproj", "{A835BB67-343A-4C3F-88D6-F59864E9ADD7}"
EndProject
Global
	GlobalSection(SolutionConfigurationPlatforms) = preSolution
		Debug|Any CPU = Debug|Any CPU
		Release|Any CPU = Release|Any CPU
	EndGlobalSection
	GlobalSection(ProjectConfigurationPlatforms) = postSolution
		{A835BB67-343A-4C3F-88D6-F59864E9ADD7}.Debug|Any CPU.ActiveCfg = Debug|Any CPU
		{A835BB67-343A-4C3F-88D6-F59864E9ADD7}.Debug|Any CPU.Build.0 = Debug|Any CPU
		{A835BB67-343A-4C3F-88D6-F59864E9ADD7}.Release|Any CPU.ActiveCfg = Release|Any CPU
		{A835BB67-343A-4C3F-88D6-F59864E9ADD7}.Release|Any CPU.Build.0 = Release|Any CPU
	EndGlobalSection
	GlobalSection(SolutionProperties) = preSolution
		HideSolutionNode = FALSE
	EndGlobalSection
	GlobalSection(ExtensibilityGlobals) = postSolution
		SolutionGuid = {D03A6596-4D56-4C61-802E-D90B9F4E0058}
	EndGlobalSection
EndGlobal
